
Microsoft Visual Studio Solution File, Format Version 12.00
# Visual Studio 14
VisualStudioVersion = 14.0.25420.1
MinimumVisualStudioVersion = 10.0.40219.1
Project("{8BC9CEB8-8B4A-11D0-8D11-00A0C91BC942}") = "Points", "Points\Points.vcxproj", "{3AD2A286-6F7D-4603-BFA9-C9A22744DF58}"
EndProject
Project("{8BC9CEB8-8B4A-11D0-8D11-00A0C91BC942}") = "Base", "Base\Base.vcxproj", "{8DAD037C-C24C-4CCB-935D-5C804FD2D0AE}"
EndProject
Project("{8BC9CEB8-8B4A-11D0-8D11-00A0C91BC942}") = "WhiteNoise", "WhiteNoise\WhiteNoise.vcxproj", "{84C9C84F-41E2-440F-A688-5D43CA68211B}"
EndProject
Project("{8BC9CEB8-8B4A-11D0-8D11-00A0C91BC942}") = "Lines", "Lines\Lines.vcxproj", "{230AA956-58CC-42DE-A687-72BC8F8492A8}"
EndProject
Project("{8BC9CEB8-8B4A-11D0-8D11-00A0C91BC942}") = "WireRenderer", "WireRenderer\WireRenderer.vcxproj", "{3702913C-6EE3-40D1-82EC-F1FB590A61FF}"
EndProject
Project("{8BC9CEB8-8B4A-11D0-8D11-00A0C91BC942}") = "WireRendererAnimated", "WireRendererAnimated\WireRendererAnimated.vcxproj", "{B8695D52-4457-411E-A6AD-C7A6B6B8C9A5}"
EndProject
Project("{8BC9CEB8-8B4A-11D0-8D11-00A0C91BC942}") = "Polygons", "Polygons\Polygons.vcxproj", "{1761BBC0-BFA4-4347-A30E-7D9EDE785E89}"
EndProject
Global
	GlobalSection(SolutionConfigurationPlatforms) = preSolution
		Debug|x64 = Debug|x64
		Debug|x86 = Debug|x86
		Release|x64 = Release|x64
		Release|x86 = Release|x86
	EndGlobalSection
	GlobalSection(ProjectConfigurationPlatforms) = postSolution
		{3AD2A286-6F7D-4603-BFA9-C9A22744DF58}.Debug|x64.ActiveCfg = Debug|x64
		{3AD2A286-6F7D-4603-BFA9-C9A22744DF58}.Debug|x64.Build.0 = Debug|x64
		{3AD2A286-6F7D-4603-BFA9-C9A22744DF58}.Debug|x86.ActiveCfg = Debug|Win32
		{3AD2A286-6F7D-4603-BFA9-C9A22744DF58}.Debug|x86.Build.0 = Debug|Win32
		{3AD2A286-6F7D-4603-BFA9-C9A22744DF58}.Release|x64.ActiveCfg = Release|x64
		{3AD2A286-6F7D-4603-BFA9-C9A22744DF58}.Release|x64.Build.0 = Release|x64
		{3AD2A286-6F7D-4603-BFA9-C9A22744DF58}.Release|x86.ActiveCfg = Release|Win32
		{3AD2A286-6F7D-4603-BFA9-C9A22744DF58}.Release|x86.Build.0 = Release|Win32
		{8DAD037C-C24C-4CCB-935D-5C804FD2D0AE}.Debug|x64.ActiveCfg = Debug|x64
		{8DAD037C-C24C-4CCB-935D-5C804FD2D0AE}.Debug|x64.Build.0 = Debug|x64
		{8DAD037C-C24C-4CCB-935D-5C804FD2D0AE}.Debug|x86.ActiveCfg = Debug|Win32
		{8DAD037C-C24C-4CCB-935D-5C804FD2D0AE}.Debug|x86.Build.0 = Debug|Win32
		{8DAD037C-C24C-4CCB-935D-5C804FD2D0AE}.Release|x64.ActiveCfg = Release|x64
		{8DAD037C-C24C-4CCB-935D-5C804FD2D0AE}.Release|x64.Build.0 = Release|x64
		{8DAD037C-C24C-4CCB-935D-5C804FD2D0AE}.Release|x86.ActiveCfg = Release|Win32
		{8DAD037C-C24C-4CCB-935D-5C804FD2D0AE}.Release|x86.Build.0 = Release|Win32
		{84C9C84F-41E2-440F-A688-5D43CA68211B}.Debug|x64.ActiveCfg = Debug|x64
		{84C9C84F-41E2-440F-A688-5D43CA68211B}.Debug|x64.Build.0 = Debug|x64
		{84C9C84F-41E2-440F-A688-5D43CA68211B}.Debug|x86.ActiveCfg = Debug|Win32
		{84C9C84F-41E2-440F-A688-5D43CA68211B}.Debug|x86.Build.0 = Debug|Win32
		{84C9C84F-41E2-440F-A688-5D43CA68211B}.Release|x64.ActiveCfg = Release|x64
		{84C9C84F-41E2-440F-A688-5D43CA68211B}.Release|x64.Build.0 = Release|x64
		{84C9C84F-41E2-440F-A688-5D43CA68211B}.Release|x86.ActiveCfg = Release|Win32
		{84C9C84F-41E2-440F-A688-5D43CA68211B}.Release|x86.Build.0 = Release|Win32
		{230AA956-58CC-42DE-A687-72BC8F8492A8}.Debug|x64.ActiveCfg = Debug|x64
		{230AA956-58CC-42DE-A687-72BC8F8492A8}.Debug|x64.Build.0 = Debug|x64
		{230AA956-58CC-42DE-A687-72BC8F8492A8}.Debug|x86.ActiveCfg = Debug|Win32
		{230AA956-58CC-42DE-A687-72BC8F8492A8}.Debug|x86.Build.0 = Debug|Win32
		{230AA956-58CC-42DE-A687-72BC8F8492A8}.Release|x64.ActiveCfg = Release|x64
		{230AA956-58CC-42DE-A687-72BC8F8492A8}.Release|x64.Build.0 = Release|x64
		{230AA956-58CC-42DE-A687-72BC8F8492A8}.Release|x86.ActiveCfg = Release|Win32
		{230AA956-58CC-42DE-A687-72BC8F8492A8}.Release|x86.Build.0 = Release|Win32
		{3702913C-6EE3-40D1-82EC-F1FB590A61FF}.Debug|x64.ActiveCfg = Debug|x64
		{3702913C-6EE3-40D1-82EC-F1FB590A61FF}.Debug|x64.Build.0 = Debug|x64
		{3702913C-6EE3-40D1-82EC-F1FB590A61FF}.Debug|x86.ActiveCfg = Debug|Win32
		{3702913C-6EE3-40D1-82EC-F1FB590A61FF}.Debug|x86.Build.0 = Debug|Win32
		{3702913C-6EE3-40D1-82EC-F1FB590A61FF}.Release|x64.ActiveCfg = Release|x64
		{3702913C-6EE3-40D1-82EC-F1FB590A61FF}.Release|x64.Build.0 = Release|x64
		{3702913C-6EE3-40D1-82EC-F1FB590A61FF}.Release|x86.ActiveCfg = Release|Win32
		{3702913C-6EE3-40D1-82EC-F1FB590A61FF}.Release|x86.Build.0 = Release|Win32
		{B8695D52-4457-411E-A6AD-C7A6B6B8C9A5}.Debug|x64.ActiveCfg = Debug|x64
		{B8695D52-4457-411E-A6AD-C7A6B6B8C9A5}.Debug|x64.Build.0 = Debug|x64
		{B8695D52-4457-411E-A6AD-C7A6B6B8C9A5}.Debug|x86.ActiveCfg = Debug|Win32
		{B8695D52-4457-411E-A6AD-C7A6B6B8C9A5}.Debug|x86.Build.0 = Debug|Win32
		{B8695D52-4457-411E-A6AD-C7A6B6B8C9A5}.Release|x64.ActiveCfg = Release|x64
		{B8695D52-4457-411E-A6AD-C7A6B6B8C9A5}.Release|x64.Build.0 = Release|x64
		{B8695D52-4457-411E-A6AD-C7A6B6B8C9A5}.Release|x86.ActiveCfg = Release|Win32
		{B8695D52-4457-411E-A6AD-C7A6B6B8C9A5}.Release|x86.Build.0 = Release|Win32
		{1761BBC0-BFA4-4347-A30E-7D9EDE785E89}.Debug|x64.ActiveCfg = Debug|x64
		{1761BBC0-BFA4-4347-A30E-7D9EDE785E89}.Debug|x64.Build.0 = Debug|x64
		{1761BBC0-BFA4-4347-A30E-7D9EDE785E89}.Debug|x86.ActiveCfg = Debug|Win32
		{1761BBC0-BFA4-4347-A30E-7D9EDE785E89}.Debug|x86.Build.0 = Debug|Win32
		{1761BBC0-BFA4-4347-A30E-7D9EDE785E89}.Release|x64.ActiveCfg = Release|x64
		{1761BBC0-BFA4-4347-A30E-7D9EDE785E89}.Release|x64.Build.0 = Release|x64
		{1761BBC0-BFA4-4347-A30E-7D9EDE785E89}.Release|x86.ActiveCfg = Release|Win32
		{1761BBC0-BFA4-4347-A30E-7D9EDE785E89}.Release|x86.Build.0 = Release|Win32
	EndGlobalSection
	GlobalSection(SolutionProperties) = preSolution
		HideSolutionNode = FALSE
	EndGlobalSection
EndGlobal
